
Microsoft Visual Studio Solution File, Format Version 12.00
# Visual Studio 15
VisualStudioVersion = 15.0.28307.1401
MinimumVisualStudioVersion = 10.0.40219.1
Project("{8BC9CEB8-8B4A-11D0-8D11-00A0C91BC942}") = "practice_5_9", "practice_5_9\practice_5_9.vcxproj", "{39A23D0C-C920-4282-91A5-E3A33F7CF0B2}"
EndProject
Global
	GlobalSection(SolutionConfigurationPlatforms) = preSolution
		Debug|x64 = Debug|x64
		Debug|x86 = Debug|x86
		Release|x64 = Release|x64
		Release|x86 = Release|x86
	EndGlobalSection
	GlobalSection(ProjectConfigurationPlatforms) = postSolution
		{39A23D0C-C920-4282-91A5-E3A33F7CF0B2}.Debug|x64.ActiveCfg = Debug|x64
		{39A23D0C-C920-4282-91A5-E3A33F7CF0B2}.Debug|x64.Build.0 = Debug|x64
		{39A23D0C-C920-4282-91A5-E3A33F7CF0B2}.Debug|x86.ActiveCfg = Debug|Win32
		{39A23D0C-C920-4282-91A5-E3A33F7CF0B2}.Debug|x86.Build.0 = Debug|Win32
		{39A23D0C-C920-4282-91A5-E3A33F7CF0B2}.Release|x64.ActiveCfg = Release|x64
		{39A23D0C-C920-4282-91A5-E3A33F7CF0B2}.Release|x64.Build.0 = Release|x64
		{39A23D0C-C920-4282-91A5-E3A33F7CF0B2}.Release|x86.ActiveCfg = Release|Win32
		{39A23D0C-C920-4282-91A5-E3A33F7CF0B2}.Release|x86.Build.0 = Release|Win32
	EndGlobalSection
	GlobalSection(SolutionProperties) = preSolution
		HideSolutionNode = FALSE
	EndGlobalSection
	GlobalSection(ExtensibilityGlobals) = postSolution
		SolutionGuid = {6E3C2BA7-80AE-40BB-A0AB-6E846BA79812}
	EndGlobalSection
EndGlobal
